
Microsoft Visual Studio Solution File, Format Version 12.00
# Visual Studio Version 16
VisualStudioVersion = 16.0.29609.76
MinimumVisualStudioVersion = 10.0.40219.1
Project("{888888A0-9F3D-457C-B088-3A5042F75D52}") = "Day 12", "Day 12\Day 12.pyproj", "{E6C04E03-95BF-4CBA-A235-C71BEDE76157}"
EndProject
Global
	GlobalSection(SolutionConfigurationPlatforms) = preSolution
		Debug|Any CPU = Debug|Any CPU
		Release|Any CPU = Release|Any CPU
	EndGlobalSection
	GlobalSection(ProjectConfigurationPlatforms) = postSolution
		{E6C04E03-95BF-4CBA-A235-C71BEDE76157}.Debug|Any CPU.ActiveCfg = Debug|Any CPU
		{E6C04E03-95BF-4CBA-A235-C71BEDE76157}.Release|Any CPU.ActiveCfg = Release|Any CPU
	EndGlobalSection
	GlobalSection(SolutionProperties) = preSolution
		HideSolutionNode = FALSE
	EndGlobalSection
	GlobalSection(ExtensibilityGlobals) = postSolution
		SolutionGuid = {B48F147C-D149-4527-9740-71AC9DFEA112}
	EndGlobalSection
EndGlobal
