
Microsoft Visual Studio Solution File, Format Version 12.00
# Visual Studio Version 16
VisualStudioVersion = 16.0.29519.181
MinimumVisualStudioVersion = 10.0.40219.1
Project("{888888A0-9F3D-457C-B088-3A5042F75D52}") = "Day 8", "Day 8\Day 8.pyproj", "{95369C03-6038-4977-B48A-CB5A0A70B636}"
EndProject
Global
	GlobalSection(SolutionConfigurationPlatforms) = preSolution
		Debug|Any CPU = Debug|Any CPU
		Release|Any CPU = Release|Any CPU
	EndGlobalSection
	GlobalSection(ProjectConfigurationPlatforms) = postSolution
		{95369C03-6038-4977-B48A-CB5A0A70B636}.Debug|Any CPU.ActiveCfg = Debug|Any CPU
		{95369C03-6038-4977-B48A-CB5A0A70B636}.Release|Any CPU.ActiveCfg = Release|Any CPU
	EndGlobalSection
	GlobalSection(SolutionProperties) = preSolution
		HideSolutionNode = FALSE
	EndGlobalSection
	GlobalSection(ExtensibilityGlobals) = postSolution
		SolutionGuid = {D9B6B56F-8108-4C16-9511-D8B450F719CC}
	EndGlobalSection
EndGlobal
