
Microsoft Visual Studio Solution File, Format Version 12.00
# Visual Studio Version 16
VisualStudioVersion = 16.0.29509.3
MinimumVisualStudioVersion = 10.0.40219.1
Project("{888888A0-9F3D-457C-B088-3A5042F75D52}") = "Day 2", "Day 2\Day 2.pyproj", "{2A29504A-EC66-46D5-812A-93986743B27C}"
EndProject
Global
	GlobalSection(SolutionConfigurationPlatforms) = preSolution
		Debug|Any CPU = Debug|Any CPU
		Release|Any CPU = Release|Any CPU
	EndGlobalSection
	GlobalSection(ProjectConfigurationPlatforms) = postSolution
		{2A29504A-EC66-46D5-812A-93986743B27C}.Debug|Any CPU.ActiveCfg = Debug|Any CPU
		{2A29504A-EC66-46D5-812A-93986743B27C}.Release|Any CPU.ActiveCfg = Release|Any CPU
	EndGlobalSection
	GlobalSection(SolutionProperties) = preSolution
		HideSolutionNode = FALSE
	EndGlobalSection
	GlobalSection(ExtensibilityGlobals) = postSolution
		SolutionGuid = {12592880-0FF7-4A2E-9EA9-A5FED05A11D9}
	EndGlobalSection
EndGlobal
